
Microsoft Visual Studio Solution File, Format Version 12.00
# Visual Studio 15
VisualStudioVersion = 15.0.28307.329
MinimumVisualStudioVersion = 10.0.40219.1
Project("{FAE04EC0-301F-11D3-BF4B-00C04F79EFBC}") = "TechiesNS.Android", "TechiesNS\TechiesNS.Android\TechiesNS.Android.csproj", "{A85A9B8E-0934-4C91-BA96-07D1F5BDF025}"
EndProject
Project("{FAE04EC0-301F-11D3-BF4B-00C04F79EFBC}") = "TechiesNS.iOS", "TechiesNS\TechiesNS.iOS\TechiesNS.iOS.csproj", "{1793DC02-E81B-4255-8CC4-5F69BF81E02A}"
EndProject
Project("{FAE04EC0-301F-11D3-BF4B-00C04F79EFBC}") = "TechiesNS", "TechiesNS\TechiesNS\TechiesNS.csproj", "{022AB0F2-F84F-4F77-9318-5BE4D52E4F76}"
EndProject
Project("{2150E333-8FDC-42A3-9474-1A3956D46DE8}") = "Common", "Common", "{0D65D544-1B97-4361-BD80-2EBB6E10B49E}"
EndProject
Project("{FAE04EC0-301F-11D3-BF4B-00C04F79EFBC}") = "Techies.Common.XF", "Techies.Common.XF\Techies.Common.XF.csproj", "{32C5EE4C-DC63-4DA5-953D-50E4261C4D81}"
EndProject
Global
	GlobalSection(SolutionConfigurationPlatforms) = preSolution
		Debug|Any CPU = Debug|Any CPU
		Debug|iPhone = Debug|iPhone
		Debug|iPhoneSimulator = Debug|iPhoneSimulator
		Release|Any CPU = Release|Any CPU
		Release|iPhone = Release|iPhone
		Release|iPhoneSimulator = Release|iPhoneSimulator
	EndGlobalSection
	GlobalSection(ProjectConfigurationPlatforms) = postSolution
		{A85A9B8E-0934-4C91-BA96-07D1F5BDF025}.Debug|Any CPU.ActiveCfg = Debug|Any CPU
		{A85A9B8E-0934-4C91-BA96-07D1F5BDF025}.Debug|Any CPU.Build.0 = Debug|Any CPU
		{A85A9B8E-0934-4C91-BA96-07D1F5BDF025}.Debug|Any CPU.Deploy.0 = Debug|Any CPU
		{A85A9B8E-0934-4C91-BA96-07D1F5BDF025}.Debug|iPhone.ActiveCfg = Debug|Any CPU
		{A85A9B8E-0934-4C91-BA96-07D1F5BDF025}.Debug|iPhone.Build.0 = Debug|Any CPU
		{A85A9B8E-0934-4C91-BA96-07D1F5BDF025}.Debug|iPhone.Deploy.0 = Debug|Any CPU
		{A85A9B8E-0934-4C91-BA96-07D1F5BDF025}.Debug|iPhoneSimulator.ActiveCfg = Debug|Any CPU
		{A85A9B8E-0934-4C91-BA96-07D1F5BDF025}.Debug|iPhoneSimulator.Build.0 = Debug|Any CPU
		{A85A9B8E-0934-4C91-BA96-07D1F5BDF025}.Debug|iPhoneSimulator.Deploy.0 = Debug|Any CPU
		{A85A9B8E-0934-4C91-BA96-07D1F5BDF025}.Release|Any CPU.ActiveCfg = Release|Any CPU
		{A85A9B8E-0934-4C91-BA96-07D1F5BDF025}.Release|Any CPU.Build.0 = Release|Any CPU
		{A85A9B8E-0934-4C91-BA96-07D1F5BDF025}.Release|Any CPU.Deploy.0 = Release|Any CPU
		{A85A9B8E-0934-4C91-BA96-07D1F5BDF025}.Release|iPhone.ActiveCfg = Release|Any CPU
		{A85A9B8E-0934-4C91-BA96-07D1F5BDF025}.Release|iPhone.Build.0 = Release|Any CPU
		{A85A9B8E-0934-4C91-BA96-07D1F5BDF025}.Release|iPhone.Deploy.0 = Release|Any CPU
		{A85A9B8E-0934-4C91-BA96-07D1F5BDF025}.Release|iPhoneSimulator.ActiveCfg = Release|Any CPU
		{A85A9B8E-0934-4C91-BA96-07D1F5BDF025}.Release|iPhoneSimulator.Build.0 = Release|Any CPU
		{A85A9B8E-0934-4C91-BA96-07D1F5BDF025}.Release|iPhoneSimulator.Deploy.0 = Release|Any CPU
		{1793DC02-E81B-4255-8CC4-5F69BF81E02A}.Debug|Any CPU.ActiveCfg = Debug|iPhoneSimulator
		{1793DC02-E81B-4255-8CC4-5F69BF81E02A}.Debug|Any CPU.Build.0 = Debug|iPhoneSimulator
		{1793DC02-E81B-4255-8CC4-5F69BF81E02A}.Debug|Any CPU.Deploy.0 = Debug|iPhoneSimulator
		{1793DC02-E81B-4255-8CC4-5F69BF81E02A}.Debug|iPhone.ActiveCfg = Debug|iPhone
		{1793DC02-E81B-4255-8CC4-5F69BF81E02A}.Debug|iPhone.Build.0 = Debug|iPhone
		{1793DC02-E81B-4255-8CC4-5F69BF81E02A}.Debug|iPhone.Deploy.0 = Debug|iPhone
		{1793DC02-E81B-4255-8CC4-5F69BF81E02A}.Debug|iPhoneSimulator.ActiveCfg = Debug|iPhoneSimulator
		{1793DC02-E81B-4255-8CC4-5F69BF81E02A}.Debug|iPhoneSimulator.Build.0 = Debug|iPhoneSimulator
		{1793DC02-E81B-4255-8CC4-5F69BF81E02A}.Debug|iPhoneSimulator.Deploy.0 = Debug|iPhoneSimulator
		{1793DC02-E81B-4255-8CC4-5F69BF81E02A}.Release|Any CPU.ActiveCfg = Release|iPhone
		{1793DC02-E81B-4255-8CC4-5F69BF81E02A}.Release|Any CPU.Build.0 = Release|iPhone
		{1793DC02-E81B-4255-8CC4-5F69BF81E02A}.Release|Any CPU.Deploy.0 = Release|iPhone
		{1793DC02-E81B-4255-8CC4-5F69BF81E02A}.Release|iPhone.ActiveCfg = Release|iPhone
		{1793DC02-E81B-4255-8CC4-5F69BF81E02A}.Release|iPhone.Build.0 = Release|iPhone
		{1793DC02-E81B-4255-8CC4-5F69BF81E02A}.Release|iPhone.Deploy.0 = Release|iPhone
		{1793DC02-E81B-4255-8CC4-5F69BF81E02A}.Release|iPhoneSimulator.ActiveCfg = Release|iPhoneSimulator
		{1793DC02-E81B-4255-8CC4-5F69BF81E02A}.Release|iPhoneSimulator.Build.0 = Release|iPhoneSimulator
		{1793DC02-E81B-4255-8CC4-5F69BF81E02A}.Release|iPhoneSimulator.Deploy.0 = Release|iPhoneSimulator
		{022AB0F2-F84F-4F77-9318-5BE4D52E4F76}.Debug|Any CPU.ActiveCfg = Debug|Any CPU
		{022AB0F2-F84F-4F77-9318-5BE4D52E4F76}.Debug|Any CPU.Build.0 = Debug|Any CPU
		{022AB0F2-F84F-4F77-9318-5BE4D52E4F76}.Debug|Any CPU.Deploy.0 = Debug|Any CPU
		{022AB0F2-F84F-4F77-9318-5BE4D52E4F76}.Debug|iPhone.ActiveCfg = Debug|Any CPU
		{022AB0F2-F84F-4F77-9318-5BE4D52E4F76}.Debug|iPhone.Build.0 = Debug|Any CPU
		{022AB0F2-F84F-4F77-9318-5BE4D52E4F76}.Debug|iPhone.Deploy.0 = Debug|Any CPU
		{022AB0F2-F84F-4F77-9318-5BE4D52E4F76}.Debug|iPhoneSimulator.ActiveCfg = Debug|Any CPU
		{022AB0F2-F84F-4F77-9318-5BE4D52E4F76}.Debug|iPhoneSimulator.Build.0 = Debug|Any CPU
		{022AB0F2-F84F-4F77-9318-5BE4D52E4F76}.Debug|iPhoneSimulator.Deploy.0 = Debug|Any CPU
		{022AB0F2-F84F-4F77-9318-5BE4D52E4F76}.Release|Any CPU.ActiveCfg = Release|Any CPU
		{022AB0F2-F84F-4F77-9318-5BE4D52E4F76}.Release|Any CPU.Build.0 = Release|Any CPU
		{022AB0F2-F84F-4F77-9318-5BE4D52E4F76}.Release|Any CPU.Deploy.0 = Release|Any CPU
		{022AB0F2-F84F-4F77-9318-5BE4D52E4F76}.Release|iPhone.ActiveCfg = Release|Any CPU
		{022AB0F2-F84F-4F77-9318-5BE4D52E4F76}.Release|iPhone.Build.0 = Release|Any CPU
		{022AB0F2-F84F-4F77-9318-5BE4D52E4F76}.Release|iPhone.Deploy.0 = Release|Any CPU
		{022AB0F2-F84F-4F77-9318-5BE4D52E4F76}.Release|iPhoneSimulator.ActiveCfg = Release|Any CPU
		{022AB0F2-F84F-4F77-9318-5BE4D52E4F76}.Release|iPhoneSimulator.Build.0 = Release|Any CPU
		{022AB0F2-F84F-4F77-9318-5BE4D52E4F76}.Release|iPhoneSimulator.Deploy.0 = Release|Any CPU
		{32C5EE4C-DC63-4DA5-953D-50E4261C4D81}.Debug|Any CPU.ActiveCfg = Debug|Any CPU
		{32C5EE4C-DC63-4DA5-953D-50E4261C4D81}.Debug|Any CPU.Build.0 = Debug|Any CPU
		{32C5EE4C-DC63-4DA5-953D-50E4261C4D81}.Debug|iPhone.ActiveCfg = Debug|Any CPU
		{32C5EE4C-DC63-4DA5-953D-50E4261C4D81}.Debug|iPhone.Build.0 = Debug|Any CPU
		{32C5EE4C-DC63-4DA5-953D-50E4261C4D81}.Debug|iPhoneSimulator.ActiveCfg = Debug|Any CPU
		{32C5EE4C-DC63-4DA5-953D-50E4261C4D81}.Debug|iPhoneSimulator.Build.0 = Debug|Any CPU
		{32C5EE4C-DC63-4DA5-953D-50E4261C4D81}.Release|Any CPU.ActiveCfg = Release|Any CPU
		{32C5EE4C-DC63-4DA5-953D-50E4261C4D81}.Release|Any CPU.Build.0 = Release|Any CPU
		{32C5EE4C-DC63-4DA5-953D-50E4261C4D81}.Release|iPhone.ActiveCfg = Release|Any CPU
		{32C5EE4C-DC63-4DA5-953D-50E4261C4D81}.Release|iPhone.Build.0 = Release|Any CPU
		{32C5EE4C-DC63-4DA5-953D-50E4261C4D81}.Release|iPhoneSimulator.ActiveCfg = Release|Any CPU
		{32C5EE4C-DC63-4DA5-953D-50E4261C4D81}.Release|iPhoneSimulator.Build.0 = Release|Any CPU
	EndGlobalSection
	GlobalSection(SolutionProperties) = preSolution
		HideSolutionNode = FALSE
	EndGlobalSection
	GlobalSection(NestedProjects) = preSolution
		{32C5EE4C-DC63-4DA5-953D-50E4261C4D81} = {0D65D544-1B97-4361-BD80-2EBB6E10B49E}
	EndGlobalSection
	GlobalSection(ExtensibilityGlobals) = postSolution
		SolutionGuid = {B4F5DB9C-F974-4DDE-9CC6-35B1EE0C79A0}
	EndGlobalSection
EndGlobal
